
Microsoft Visual Studio Solution File, Format Version 12.00
# Visual Studio 15
VisualStudioVersion = 15.0.28307.1525
MinimumVisualStudioVersion = 10.0.40219.1
Project("{888888A0-9F3D-457C-B088-3A5042F75D52}") = "pdf", "pdf\pdf.pyproj", "{7D5101D6-8E75-4249-9518-043B53E529E8}"
EndProject
Global
	GlobalSection(SolutionConfigurationPlatforms) = preSolution
		Debug|Any CPU = Debug|Any CPU
		Release|Any CPU = Release|Any CPU
	EndGlobalSection
	GlobalSection(ProjectConfigurationPlatforms) = postSolution
		{7D5101D6-8E75-4249-9518-043B53E529E8}.Debug|Any CPU.ActiveCfg = Debug|Any CPU
		{7D5101D6-8E75-4249-9518-043B53E529E8}.Release|Any CPU.ActiveCfg = Release|Any CPU
	EndGlobalSection
	GlobalSection(SolutionProperties) = preSolution
		HideSolutionNode = FALSE
	EndGlobalSection
	GlobalSection(ExtensibilityGlobals) = postSolution
		SolutionGuid = {F2123DA9-E0CB-4FCA-B92E-F44A76E84D38}
	EndGlobalSection
EndGlobal
